Microsoft Visual Studio Solution File, Format Version 11.00
# Visual Studio 2008

Project("{E71B5AFB-C8EE-685D-EACF-7C696895B260}") = "Techno Kitten Adventure 2", "Assembly-CSharp.csproj", "{CAB2CBB1-FFA2-A49D-F10A-6FE62342BBFD}"
EndProject
Global
	GlobalSection(SolutionConfigurationPlatforms) = preSolution
		Debug|Any CPU = Debug|Any CPU
		Release|Any CPU = Release|Any CPU
	EndGlobalSection
	GlobalSection(ProjectConfigurationPlatforms) = postSolution
		{CAB2CBB1-FFA2-A49D-F10A-6FE62342BBFD}.Debug|Any CPU.ActiveCfg = Debug|Any CPU
		{CAB2CBB1-FFA2-A49D-F10A-6FE62342BBFD}.Debug|Any CPU.Build.0 = Debug|Any CPU
		{CAB2CBB1-FFA2-A49D-F10A-6FE62342BBFD}.Release|Any CPU.ActiveCfg = Release|Any CPU
		{CAB2CBB1-FFA2-A49D-F10A-6FE62342BBFD}.Release|Any CPU.Build.0 = Release|Any CPU
	EndGlobalSection
	GlobalSection(SolutionProperties) = preSolution
		HideSolutionNode = FALSE
	EndGlobalSection
	GlobalSection(MonoDevelopProperties) = preSolution
		StartupItem = Assembly-CSharp.csproj
	EndGlobalSection
EndGlobal
